// !$*UTF8*$!
{
	archiveVersion = 1;
	classes = {
	};
	objectVersion = 56;
	objects = {

/* Begin PBXBuildFile section */
		16725C7C29A3DD0F00FD1286 /* Legacy_CompendiumApp.swift in Sources */ = {isa = PBXBuildFile; fileRef = 16725C7B29A3DD0F00FD1286 /* Legacy_CompendiumApp.swift */; };
		16725C7E29A3DD0F00FD1286 /* ContentView.swift in Sources */ = {isa = PBXBuildFile; fileRef = 16725C7D29A3DD0F00FD1286 /* ContentView.swift */; };
		16725C8029A3DD1000FD1286 /* Assets.xcassets in Resources */ = {isa = PBXBuildFile; fileRef = 16725C7F29A3DD1000FD1286 /* Assets.xcassets */; };
		16725C8329A3DD1000FD1286 /* Preview Assets.xcassets in Resources */ = {isa = PBXBuildFile; fileRef = 16725C8229A3DD1000FD1286 /* Preview Assets.xcassets */; };
		16725C8B29A3FCC700FD1286 /* magicalme.ttf in Resources */ = {isa = PBXBuildFile; fileRef = 16725C8A29A3FCC700FD1286 /* magicalme.ttf */; };
		16725C8D29A3FE8100FD1286 /* CrimesOfGrindelwald.otf in Resources */ = {isa = PBXBuildFile; fileRef = 16725C8C29A3FE8100FD1286 /* CrimesOfGrindelwald.otf */; };
		16725C9329A40A4D00FD1286 /* SplashScreen.swift in Sources */ = {isa = PBXBuildFile; fileRef = 16725C9229A40A4D00FD1286 /* SplashScreen.swift */; };
		16725C9729A42B4100FD1286 /* DashboardView.swift in Sources */ = {isa = PBXBuildFile; fileRef = 16725C9629A42B4100FD1286 /* DashboardView.swift */; };
		16725C9929A42B9200FD1286 /* BackgroundView.swift in Sources */ = {isa = PBXBuildFile; fileRef = 16725C9829A42B9200FD1286 /* BackgroundView.swift */; };
		16A724C629A53D7D005E9A24 /* LegacyCompendiumData.json in Resources */ = {isa = PBXBuildFile; fileRef = 16A724C529A53D7D005E9A24 /* LegacyCompendiumData.json */; };
		16A724C829A55243005E9A24 /* LegacyCompendiumModel.swift in Sources */ = {isa = PBXBuildFile; fileRef = 16A724C729A55243005E9A24 /* LegacyCompendiumModel.swift */; };
		16A724CA29A553C1005E9A24 /* LegacyCompendiumVIewModel.swift in Sources */ = {isa = PBXBuildFile; fileRef = 16A724C929A553C1005E9A24 /* LegacyCompendiumVIewModel.swift */; };
		16A724CC29A55E42005E9A24 /* UniversityOldstyleBook.ttf in Resources */ = {isa = PBXBuildFile; fileRef = 16A724CB29A55E42005E9A24 /* UniversityOldstyleBook.ttf */; };
		16A724CF29A578B4005E9A24 /* TextStyleView.swift in Sources */ = {isa = PBXBuildFile; fileRef = 16A724CE29A578B4005E9A24 /* TextStyleView.swift */; };
		16A724D129A5AEF9005E9A24 /* SelectedOptionView.swift in Sources */ = {isa = PBXBuildFile; fileRef = 16A724D029A5AEF9005E9A24 /* SelectedOptionView.swift */; };
		16C022A329A9195500F964BF /* OffsetableScrollView.swift in Sources */ = {isa = PBXBuildFile; fileRef = 16C022A229A9195500F964BF /* OffsetableScrollView.swift */; };
		16C022A629A91A2F00F964BF /* SpellsView.swift in Sources */ = {isa = PBXBuildFile; fileRef = 16C022A529A91A2F00F964BF /* SpellsView.swift */; };
		16C022A829A9499F00F964BF /* DashboardViewModel.swift in Sources */ = {isa = PBXBuildFile; fileRef = 16C022A729A9499F00F964BF /* DashboardViewModel.swift */; };
/* End PBXBuildFile section */

/* Begin PBXFileReference section */
		16725C7829A3DD0F00FD1286 /* Legacy Compendium.app */ = {isa = PBXFileReference; explicitFileType = wrapper.application; includeInIndex = 0; path = "Legacy Compendium.app"; sourceTree = BUILT_PRODUCTS_DIR; };
		16725C7B29A3DD0F00FD1286 /* Legacy_CompendiumApp.swift */ = {isa = PBXFileReference; lastKnownFileType = sourcecode.swift; path = Legacy_CompendiumApp.swift; sourceTree = "<group>"; };
		16725C7D29A3DD0F00FD1286 /* ContentView.swift */ = {isa = PBXFileReference; lastKnownFileType = sourcecode.swift; path = ContentView.swift; sourceTree = "<group>"; };
		16725C7F29A3DD1000FD1286 /* Assets.xcassets */ = {isa = PBXFileReference; lastKnownFileType = folder.assetcatalog; path = Assets.xcassets; sourceTree = "<group>"; };
		16725C8229A3DD1000FD1286 /* Preview Assets.xcassets */ = {isa = PBXFileReference; lastKnownFileType = folder.assetcatalog; path = "Preview Assets.xcassets"; sourceTree = "<group>"; };
		16725C8A29A3FCC700FD1286 /* magicalme.ttf */ = {isa = PBXFileReference; lastKnownFileType = file; path = magicalme.ttf; sourceTree = "<group>"; };
		16725C8C29A3FE8100FD1286 /* CrimesOfGrindelwald.otf */ = {isa = PBXFileReference; lastKnownFileType = file; path = CrimesOfGrindelwald.otf; sourceTree = "<group>"; };
		16725C8E29A3FF1700FD1286 /* Legacy-Compendium-Info.plist */ = {isa = PBXFileReference; lastKnownFileType = text.plist; path = "Legacy-Compendium-Info.plist"; sourceTree = SOURCE_ROOT; };
		16725C9229A40A4D00FD1286 /* SplashScreen.swift */ = {isa = PBXFileReference; lastKnownFileType = sourcecode.swift; path = SplashScreen.swift; sourceTree = "<group>"; };
		16725C9629A42B4100FD1286 /* DashboardView.swift */ = {isa = PBXFileReference; lastKnownFileType = sourcecode.swift; path = DashboardView.swift; sourceTree = "<group>"; };
		16725C9829A42B9200FD1286 /* BackgroundView.swift */ = {isa = PBXFileReference; lastKnownFileType = sourcecode.swift; path = BackgroundView.swift; sourceTree = "<group>"; };
		16A724C529A53D7D005E9A24 /* LegacyCompendiumData.json */ = {isa = PBXFileReference; fileEncoding = 4; lastKnownFileType = text.json; path = LegacyCompendiumData.json; sourceTree = "<group>"; };
		16A724C729A55243005E9A24 /* LegacyCompendiumModel.swift */ = {isa = PBXFileReference; lastKnownFileType = sourcecode.swift; path = LegacyCompendiumModel.swift; sourceTree = "<group>"; };
		16A724C929A553C1005E9A24 /* LegacyCompendiumVIewModel.swift */ = {isa = PBXFileReference; lastKnownFileType = sourcecode.swift; path = LegacyCompendiumVIewModel.swift; sourceTree = "<group>"; };
		16A724CB29A55E42005E9A24 /* UniversityOldstyleBook.ttf */ = {isa = PBXFileReference; lastKnownFileType = file; path = UniversityOldstyleBook.ttf; sourceTree = "<group>"; };
		16A724CE29A578B4005E9A24 /* TextStyleView.swift */ = {isa = PBXFileReference; lastKnownFileType = sourcecode.swift; path = TextStyleView.swift; sourceTree = "<group>"; };
		16A724D029A5AEF9005E9A24 /* SelectedOptionView.swift */ = {isa = PBXFileReference; lastKnownFileType = sourcecode.swift; path = SelectedOptionView.swift; sourceTree = "<group>"; };
		16C022A229A9195500F964BF /* OffsetableScrollView.swift */ = {isa = PBXFileReference; lastKnownFileType = sourcecode.swift; path = OffsetableScrollView.swift; sourceTree = "<group>"; };
		16C022A529A91A2F00F964BF /* SpellsView.swift */ = {isa = PBXFileReference; lastKnownFileType = sourcecode.swift; path = SpellsView.swift; sourceTree = "<group>"; };
		16C022A729A9499F00F964BF /* DashboardViewModel.swift */ = {isa = PBXFileReference; lastKnownFileType = sourcecode.swift; path = DashboardViewModel.swift; sourceTree = "<group>"; };
/* End PBXFileReference section */

/* Begin PBXFrameworksBuildPhase section */
		16725C7529A3DD0F00FD1286 /* Frameworks */ = {
			isa = PBXFrameworksBuildPhase;
			buildActionMask = 2147483647;
			files = (
			);
			runOnlyForDeploymentPostprocessing = 0;
		};
/* End PBXFrameworksBuildPhase section */

/* Begin PBXGroup section */
		16725C6F29A3DD0F00FD1286 = {
			isa = PBXGroup;
			children = (
				16725C7A29A3DD0F00FD1286 /* Legacy Compendium */,
				16725C7929A3DD0F00FD1286 /* Products */,
			);
			sourceTree = "<group>";
		};
		16725C7929A3DD0F00FD1286 /* Products */ = {
			isa = PBXGroup;
			children = (
				16725C7829A3DD0F00FD1286 /* Legacy Compendium.app */,
			);
			name = Products;
			sourceTree = "<group>";
		};
		16725C7A29A3DD0F00FD1286 /* Legacy Compendium */ = {
			isa = PBXGroup;
			children = (
				16725C7D29A3DD0F00FD1286 /* ContentView.swift */,
				16725C9129A40A2800FD1286 /* Models */,
				16725C8F29A40A0800FD1286 /* Views */,
				16725C9029A40A1300FD1286 /* ViewModels */,
				16725C8929A3FC8400FD1286 /* Fonts */,
				16725C8E29A3FF1700FD1286 /* Legacy-Compendium-Info.plist */,
				16725C7B29A3DD0F00FD1286 /* Legacy_CompendiumApp.swift */,
				16725C7F29A3DD1000FD1286 /* Assets.xcassets */,
				16725C8129A3DD1000FD1286 /* Preview Content */,
			);
			path = "Legacy Compendium";
			sourceTree = "<group>";
		};
		16725C8129A3DD1000FD1286 /* Preview Content */ = {
			isa = PBXGroup;
			children = (
				16725C8229A3DD1000FD1286 /* Preview Assets.xcassets */,
			);
			path = "Preview Content";
			sourceTree = "<group>";
		};
		16725C8929A3FC8400FD1286 /* Fonts */ = {
			isa = PBXGroup;
			children = (
				16725C8C29A3FE8100FD1286 /* CrimesOfGrindelwald.otf */,
				16A724CB29A55E42005E9A24 /* UniversityOldstyleBook.ttf */,
				16725C8A29A3FCC700FD1286 /* magicalme.ttf */,
			);
			path = Fonts;
			sourceTree = "<group>";
		};
		16725C8F29A40A0800FD1286 /* Views */ = {
			isa = PBXGroup;
			children = (
				16A724CD29A5789A005E9A24 /* Components */,
				16C022A429A9197B00F964BF /* HomeView */,
				16725C9229A40A4D00FD1286 /* SplashScreen.swift */,
				16725C9629A42B4100FD1286 /* DashboardView.swift */,
				16725C9829A42B9200FD1286 /* BackgroundView.swift */,
			);
			path = Views;
			sourceTree = "<group>";
		};
		16725C9029A40A1300FD1286 /* ViewModels */ = {
			isa = PBXGroup;
			children = (
				16A724C929A553C1005E9A24 /* LegacyCompendiumVIewModel.swift */,
				16C022A729A9499F00F964BF /* DashboardViewModel.swift */,
			);
			path = ViewModels;
			sourceTree = "<group>";
		};
		16725C9129A40A2800FD1286 /* Models */ = {
			isa = PBXGroup;
			children = (
				16A724C529A53D7D005E9A24 /* LegacyCompendiumData.json */,
				16A724C729A55243005E9A24 /* LegacyCompendiumModel.swift */,
			);
			path = Models;
			sourceTree = "<group>";
		};
		16A724CD29A5789A005E9A24 /* Components */ = {
			isa = PBXGroup;
			children = (
				16A724CE29A578B4005E9A24 /* TextStyleView.swift */,
				16A724D029A5AEF9005E9A24 /* SelectedOptionView.swift */,
				16C022A229A9195500F964BF /* OffsetableScrollView.swift */,
			);
			path = Components;
			sourceTree = "<group>";
		};
		16C022A429A9197B00F964BF /* HomeView */ = {
			isa = PBXGroup;
			children = (
				16C022A529A91A2F00F964BF /* SpellsView.swift */,
			);
			path = HomeView;
			sourceTree = "<group>";
		};
/* End PBXGroup section */

/* Begin PBXNativeTarget section */
		16725C7729A3DD0F00FD1286 /* Legacy Compendium */ = {
			isa = PBXNativeTarget;
			buildConfigurationList = 16725C8629A3DD1000FD1286 /* Build configuration list for PBXNativeTarget "Legacy Compendium" */;
			buildPhases = (
				16725C7429A3DD0F00FD1286 /* Sources */,
				16725C7529A3DD0F00FD1286 /* Frameworks */,
				16725C7629A3DD0F00FD1286 /* Resources */,
			);
			buildRules = (
			);
			dependencies = (
			);
			name = "Legacy Compendium";
			productName = "Legacy Compendium";
			productReference = 16725C7829A3DD0F00FD1286 /* Legacy Compendium.app */;
			productType = "com.apple.product-type.application";
		};
/* End PBXNativeTarget section */

/* Begin PBXProject section */
		16725C7029A3DD0F00FD1286 /* Project object */ = {
			isa = PBXProject;
			attributes = {
				BuildIndependentTargetsInParallel = 1;
				LastSwiftUpdateCheck = 1420;
				LastUpgradeCheck = 1420;
				TargetAttributes = {
					16725C7729A3DD0F00FD1286 = {
						CreatedOnToolsVersion = 14.2;
					};
				};
			};
			buildConfigurationList = 16725C7329A3DD0F00FD1286 /* Build configuration list for PBXProject "Legacy Compendium" */;
			compatibilityVersion = "Xcode 14.0";
			developmentRegion = en;
			hasScannedForEncodings = 0;
			knownRegions = (
				en,
				Base,
			);
			mainGroup = 16725C6F29A3DD0F00FD1286;
			productRefGroup = 16725C7929A3DD0F00FD1286 /* Products */;
			projectDirPath = "";
			projectRoot = "";
			targets = (
				16725C7729A3DD0F00FD1286 /* Legacy Compendium */,
			);
		};
/* End PBXProject section */

/* Begin PBXResourcesBuildPhase section */
		16725C7629A3DD0F00FD1286 /* Resources */ = {
			isa = PBXResourcesBuildPhase;
			buildActionMask = 2147483647;
			files = (
				16725C8329A3DD1000FD1286 /* Preview Assets.xcassets in Resources */,
				16A724C629A53D7D005E9A24 /* LegacyCompendiumData.json in Resources */,
				16725C8D29A3FE8100FD1286 /* CrimesOfGrindelwald.otf in Resources */,
				16725C8029A3DD1000FD1286 /* Assets.xcassets in Resources */,
				16A724CC29A55E42005E9A24 /* UniversityOldstyleBook.ttf in Resources */,
				16725C8B29A3FCC700FD1286 /* magicalme.ttf in Resources */,
			);
			runOnlyForDeploymentPostprocessing = 0;
		};
/* End PBXResourcesBuildPhase section */

/* Begin PBXSourcesBuildPhase section */
		16725C7429A3DD0F00FD1286 /* Sources */ = {
			isa = PBXSourcesBuildPhase;
			buildActionMask = 2147483647;
			files = (
				16725C9929A42B9200FD1286 /* BackgroundView.swift in Sources */,
				16A724CA29A553C1005E9A24 /* LegacyCompendiumVIewModel.swift in Sources */,
				16C022A329A9195500F964BF /* OffsetableScrollView.swift in Sources */,
				16C022A829A9499F00F964BF /* DashboardViewModel.swift in Sources */,
				16A724D129A5AEF9005E9A24 /* SelectedOptionView.swift in Sources */,
				16725C9329A40A4D00FD1286 /* SplashScreen.swift in Sources */,
				16C022A629A91A2F00F964BF /* SpellsView.swift in Sources */,
				16725C9729A42B4100FD1286 /* DashboardView.swift in Sources */,
				16A724C829A55243005E9A24 /* LegacyCompendiumModel.swift in Sources */,
				16725C7E29A3DD0F00FD1286 /* ContentView.swift in Sources */,
				16725C7C29A3DD0F00FD1286 /* Legacy_CompendiumApp.swift in Sources */,
				16A724CF29A578B4005E9A24 /* TextStyleView.swift in Sources */,
			);
			runOnlyForDeploymentPostprocessing = 0;
		};
/* End PBXSourcesBuildPhase section */

/* Begin XCBuildConfiguration section */
		16725C8429A3DD1000FD1286 /* Debug */ = {
			isa = XCBuildConfiguration;
			buildSettings = {
				ALWAYS_SEARCH_USER_PATHS = NO;
				CLANG_ANALYZER_NONNULL = YES;
				CLANG_ANALYZER_NUMBER_OBJECT_CONVERSION = YES_AGGRESSIVE;
				CLANG_CXX_LANGUAGE_STANDARD = "gnu++20";
				CLANG_ENABLE_MODULES = YES;
				CLANG_ENABLE_OBJC_ARC = YES;
				CLANG_ENABLE_OBJC_WEAK = YES;
				CLANG_WARN_BLOCK_CAPTURE_AUTORELEASING = YES;
				CLANG_WARN_BOOL_CONVERSION = YES;
				CLANG_WARN_COMMA = YES;
				CLANG_WARN_CONSTANT_CONVERSION = YES;
				CLANG_WARN_DEPRECATED_OBJC_IMPLEMENTATIONS = YES;
				CLANG_WARN_DIRECT_OBJC_ISA_USAGE = YES_ERROR;
				CLANG_WARN_DOCUMENTATION_COMMENTS = YES;
				CLANG_WARN_EMPTY_BODY = YES;
				CLANG_WARN_ENUM_CONVERSION = YES;
				CLANG_WARN_INFINITE_RECURSION = YES;
				CLANG_WARN_INT_CONVERSION = YES;
				CLANG_WARN_NON_LITERAL_NULL_CONVERSION = YES;
				CLANG_WARN_OBJC_IMPLICIT_RETAIN_SELF = YES;
				CLANG_WARN_OBJC_LITERAL_CONVERSION = YES;
				CLANG_WARN_OBJC_ROOT_CLASS = YES_ERROR;
				CLANG_WARN_QUOTED_INCLUDE_IN_FRAMEWORK_HEADER = YES;
				CLANG_WARN_RANGE_LOOP_ANALYSIS = YES;
				CLANG_WARN_STRICT_PROTOTYPES = YES;
				CLANG_WARN_SUSPICIOUS_MOVE = YES;
				CLANG_WARN_UNGUARDED_AVAILABILITY = YES_AGGRESSIVE;
				CLANG_WARN_UNREACHABLE_CODE = YES;
				CLANG_WARN__DUPLICATE_METHOD_MATCH = YES;
				COPY_PHASE_STRIP = NO;
				DEBUG_INFORMATION_FORMAT = dwarf;
				ENABLE_STRICT_OBJC_MSGSEND = YES;
				ENABLE_TESTABILITY = YES;
				GCC_C_LANGUAGE_STANDARD = gnu11;
				GCC_DYNAMIC_NO_PIC = NO;
				GCC_NO_COMMON_BLOCKS = YES;
				GCC_OPTIMIZATION_LEVEL = 0;
				GCC_PREPROCESSOR_DEFINITIONS = (
					"DEBUG=1",
					"$(inherited)",
				);
				GCC_WARN_64_TO_32_BIT_CONVERSION = YES;
				GCC_WARN_ABOUT_RETURN_TYPE = YES_ERROR;
				GCC_WARN_UNDECLARED_SELECTOR = YES;
				GCC_WARN_UNINITIALIZED_AUTOS = YES_AGGRESSIVE;
				GCC_WARN_UNUSED_FUNCTION = YES;
				GCC_WARN_UNUSED_VARIABLE = YES;
				IPHONEOS_DEPLOYMENT_TARGET = 16.2;
				MTL_ENABLE_DEBUG_INFO = INCLUDE_SOURCE;
				MTL_FAST_MATH = YES;
				ONLY_ACTIVE_ARCH = YES;
				SDKROOT = iphoneos;
				SWIFT_ACTIVE_COMPILATION_CONDITIONS = DEBUG;
				SWIFT_OPTIMIZATION_LEVEL = "-Onone";
			};
			name = Debug;
		};
		16725C8529A3DD1000FD1286 /* Release */ = {
			isa = XCBuildConfiguration;
			buildSettings = {
				ALWAYS_SEARCH_USER_PATHS = NO;
				CLANG_ANALYZER_NONNULL = YES;
				CLANG_ANALYZER_NUMBER_OBJECT_CONVERSION = YES_AGGRESSIVE;
				CLANG_CXX_LANGUAGE_STANDARD = "gnu++20";
				CLANG_ENABLE_MODULES = YES;
				CLANG_ENABLE_OBJC_ARC = YES;
				CLANG_ENABLE_OBJC_WEAK = YES;
				CLANG_WARN_BLOCK_CAPTURE_AUTORELEASING = YES;
				CLANG_WARN_BOOL_CONVERSION = YES;
				CLANG_WARN_COMMA = YES;
				CLANG_WARN_CONSTANT_CONVERSION = YES;
				CLANG_WARN_DEPRECATED_OBJC_IMPLEMENTATIONS = YES;
				CLANG_WARN_DIRECT_OBJC_ISA_USAGE = YES_ERROR;
				CLANG_WARN_DOCUMENTATION_COMMENTS = YES;
				CLANG_WARN_EMPTY_BODY = YES;
				CLANG_WARN_ENUM_CONVERSION = YES;
				CLANG_WARN_INFINITE_RECURSION = YES;
				CLANG_WARN_INT_CONVERSION = YES;
				CLANG_WARN_NON_LITERAL_NULL_CONVERSION = YES;
				CLANG_WARN_OBJC_IMPLICIT_RETAIN_SELF = YES;
				CLANG_WARN_OBJC_LITERAL_CONVERSION = YES;
				CLANG_WARN_OBJC_ROOT_CLASS = YES_ERROR;
				CLANG_WARN_QUOTED_INCLUDE_IN_FRAMEWORK_HEADER = YES;
				CLANG_WARN_RANGE_LOOP_ANALYSIS = YES;
				CLANG_WARN_STRICT_PROTOTYPES = YES;
				CLANG_WARN_SUSPICIOUS_MOVE = YES;
				CLANG_WARN_UNGUARDED_AVAILABILITY = YES_AGGRESSIVE;
				CLANG_WARN_UNREACHABLE_CODE = YES;
				CLANG_WARN__DUPLICATE_METHOD_MATCH = YES;
				COPY_PHASE_STRIP = NO;
				DEBUG_INFORMATION_FORMAT = "dwarf-with-dsym";
				ENABLE_NS_ASSERTIONS = NO;
				ENABLE_STRICT_OBJC_MSGSEND = YES;
				GCC_C_LANGUAGE_STANDARD = gnu11;
				GCC_NO_COMMON_BLOCKS = YES;
				GCC_WARN_64_TO_32_BIT_CONVERSION = YES;
				GCC_WARN_ABOUT_RETURN_TYPE = YES_ERROR;
				GCC_WARN_UNDECLARED_SELECTOR = YES;
				GCC_WARN_UNINITIALIZED_AUTOS = YES_AGGRESSIVE;
				GCC_WARN_UNUSED_FUNCTION = YES;
				GCC_WARN_UNUSED_VARIABLE = YES;
				IPHONEOS_DEPLOYMENT_TARGET = 16.2;
				MTL_ENABLE_DEBUG_INFO = NO;
				MTL_FAST_MATH = YES;
				SDKROOT = iphoneos;
				SWIFT_COMPILATION_MODE = wholemodule;
				SWIFT_OPTIMIZATION_LEVEL = "-O";
				VALIDATE_PRODUCT = YES;
			};
			name = Release;
		};
		16725C8729A3DD1000FD1286 /* Debug */ = {
			isa = XCBuildConfiguration;
			buildSettings = {
				ASSETCATALOG_COMPILER_APPICON_NAME = AppIcon;
				ASSETCATALOG_COMPILER_GLOBAL_ACCENT_COLOR_NAME = AccentColor;
				CODE_SIGN_STYLE = Automatic;
				CURRENT_PROJECT_VERSION = 1;
				DEVELOPMENT_ASSET_PATHS = "\"Legacy Compendium/Preview Content\"";
				DEVELOPMENT_TEAM = 6Z8MU97UL5;
				ENABLE_PREVIEWS = YES;
				GENERATE_INFOPLIST_FILE = YES;
				INFOPLIST_FILE = "Legacy-Compendium-Info.plist";
				INFOPLIST_KEY_LSApplicationCategoryType = "public.app-category.games";
				INFOPLIST_KEY_UIApplicationSceneManifest_Generation = YES;
				INFOPLIST_KEY_UIApplicationSupportsIndirectInputEvents = YES;
				INFOPLIST_KEY_UILaunchScreen_Generation = YES;
				INFOPLIST_KEY_UIStatusBarStyle = UIStatusBarStyleDarkContent;
				INFOPLIST_KEY_UISupportedInterfaceOrientations = UIInterfaceOrientationPortrait;
				INFOPLIST_KEY_UISupportedInterfaceOrientations_iPad = "UIInterfaceOrientationLandscapeLeft UIInterfaceOrientationLandscapeRight";
				IPHONEOS_DEPLOYMENT_TARGET = 16.0;
				LD_RUNPATH_SEARCH_PATHS = (
					"$(inherited)",
					"@executable_path/Frameworks",
				);
				MARKETING_VERSION = 1.0;
				PRODUCT_BUNDLE_IDENTIFIER = "com.aguilarjacob.Legacy-Compendium";
				PRODUCT_NAME = "$(TARGET_NAME)";
				SUPPORTED_PLATFORMS = "iphoneos iphonesimulator";
				SUPPORTS_MACCATALYST = NO;
				SUPPORTS_MAC_DESIGNED_FOR_IPHONE_IPAD = NO;
				SWIFT_EMIT_LOC_STRINGS = YES;
				SWIFT_VERSION = 5.0;
				TARGETED_DEVICE_FAMILY = 1;
			};
			name = Debug;
		};
		16725C8829A3DD1000FD1286 /* Release */ = {
			isa = XCBuildConfiguration;
			buildSettings = {
				ASSETCATALOG_COMPILER_APPICON_NAME = AppIcon;
				ASSETCATALOG_COMPILER_GLOBAL_ACCENT_COLOR_NAME = AccentColor;
				CODE_SIGN_STYLE = Automatic;
				CURRENT_PROJECT_VERSION = 1;
				DEVELOPMENT_ASSET_PATHS = "\"Legacy Compendium/Preview Content\"";
				DEVELOPMENT_TEAM = 6Z8MU97UL5;
				ENABLE_PREVIEWS = YES;
				GENERATE_INFOPLIST_FILE = YES;
				INFOPLIST_FILE = "Legacy-Compendium-Info.plist";
				INFOPLIST_KEY_LSApplicationCategoryType = "public.app-category.games";
				INFOPLIST_KEY_UIApplicationSceneManifest_Generation = YES;
				INFOPLIST_KEY_UIApplicationSupportsIndirectInputEvents = YES;
				INFOPLIST_KEY_UILaunchScreen_Generation = YES;
				INFOPLIST_KEY_UIStatusBarStyle = UIStatusBarStyleDarkContent;
				INFOPLIST_KEY_UISupportedInterfaceOrientations = UIInterfaceOrientationPortrait;
				INFOPLIST_KEY_UISupportedInterfaceOrientations_iPad = "UIInterfaceOrientationLandscapeLeft UIInterfaceOrientationLandscapeRight";
				IPHONEOS_DEPLOYMENT_TARGET = 16.0;
				LD_RUNPATH_SEARCH_PATHS = (
					"$(inherited)",
					"@executable_path/Frameworks",
				);
				MARKETING_VERSION = 1.0;
				PRODUCT_BUNDLE_IDENTIFIER = "com.aguilarjacob.Legacy-Compendium";
				PRODUCT_NAME = "$(TARGET_NAME)";
				SUPPORTED_PLATFORMS = "iphoneos iphonesimulator";
				SUPPORTS_MACCATALYST = NO;
				SUPPORTS_MAC_DESIGNED_FOR_IPHONE_IPAD = NO;
				SWIFT_EMIT_LOC_STRINGS = YES;
				SWIFT_VERSION = 5.0;
				TARGETED_DEVICE_FAMILY = 1;
			};
			name = Release;
		};
/* End XCBuildConfiguration section */

/* Begin XCConfigurationList section */
		16725C7329A3DD0F00FD1286 /* Build configuration list for PBXProject "Legacy Compendium" */ = {
			isa = XCConfigurationList;
			buildConfigurations = (
				16725C8429A3DD1000FD1286 /* Debug */,
				16725C8529A3DD1000FD1286 /* Release */,
			);
			defaultConfigurationIsVisible = 0;
			defaultConfigurationName = Release;
		};
		16725C8629A3DD1000FD1286 /* Build configuration list for PBXNativeTarget "Legacy Compendium" */ = {
			isa = XCConfigurationList;
			buildConfigurations = (
				16725C8729A3DD1000FD1286 /* Debug */,
				16725C8829A3DD1000FD1286 /* Release */,
			);
			defaultConfigurationIsVisible = 0;
			defaultConfigurationName = Release;
		};
/* End XCConfigurationList section */
	};
	rootObject = 16725C7029A3DD0F00FD1286 /* Project object */;
}
