// !$*UTF8*$!
{
	archiveVersion = 1;
	classes = {
	};
	objectVersion = 56;
	objects = {

/* Begin PBXBuildFile section */
		1604CA7829CD0011006D09E0 /* SearchView.swift in Sources */ = {isa = PBXBuildFile; fileRef = 1604CA7729CD0011006D09E0 /* SearchView.swift */; };
		1608A48E29B5273100806C55 /* BroomExtendedCardView.swift in Sources */ = {isa = PBXBuildFile; fileRef = 1608A48D29B5273100806C55 /* BroomExtendedCardView.swift */; };
		1608A49129B55A4800806C55 /* WandHandlesScreenView.swift in Sources */ = {isa = PBXBuildFile; fileRef = 1608A49029B55A4800806C55 /* WandHandlesScreenView.swift */; };
		1608A49429B55C3000806C55 /* WandHandleCardView.swift in Sources */ = {isa = PBXBuildFile; fileRef = 1608A49329B55C3000806C55 /* WandHandleCardView.swift */; };
		1608A49629B55CAF00806C55 /* WandHandlesViewModel.swift in Sources */ = {isa = PBXBuildFile; fileRef = 1608A49529B55CAF00806C55 /* WandHandlesViewModel.swift */; };
		1608A49929B658C100806C55 /* CompanionsScreenView.swift in Sources */ = {isa = PBXBuildFile; fileRef = 1608A49829B658C100806C55 /* CompanionsScreenView.swift */; };
		1608A49B29B659BB00806C55 /* CompanionsViewModel.swift in Sources */ = {isa = PBXBuildFile; fileRef = 1608A49A29B659BB00806C55 /* CompanionsViewModel.swift */; };
		1608A49E29B65C5200806C55 /* CompanionCardView.swift in Sources */ = {isa = PBXBuildFile; fileRef = 1608A49D29B65C5200806C55 /* CompanionCardView.swift */; };
		1608A4A029B6864700806C55 /* CompanionExtendedCardView.swift in Sources */ = {isa = PBXBuildFile; fileRef = 1608A49F29B6864700806C55 /* CompanionExtendedCardView.swift */; };
		1608A4A329B68ACC00806C55 /* ViewExtensions.swift in Sources */ = {isa = PBXBuildFile; fileRef = 1608A4A229B68ACC00806C55 /* ViewExtensions.swift */; };
		1608A4A529B7CF5900806C55 /* ProfessorsScreenView.swift in Sources */ = {isa = PBXBuildFile; fileRef = 1608A4A429B7CF5900806C55 /* ProfessorsScreenView.swift */; };
		1608A4A729B7CFA900806C55 /* ProfessorsViewModel.swift in Sources */ = {isa = PBXBuildFile; fileRef = 1608A4A629B7CFA900806C55 /* ProfessorsViewModel.swift */; };
		1608A4AC29B7D16B00806C55 /* ProfessorCardView.swift in Sources */ = {isa = PBXBuildFile; fileRef = 1608A4AB29B7D16B00806C55 /* ProfessorCardView.swift */; };
		1608A4AF29B92DF300806C55 /* EnemiesScreenView.swift in Sources */ = {isa = PBXBuildFile; fileRef = 1608A4AE29B92DF200806C55 /* EnemiesScreenView.swift */; };
		1608A4B229B92E0D00806C55 /* EnemyCardView.swift in Sources */ = {isa = PBXBuildFile; fileRef = 1608A4B129B92E0D00806C55 /* EnemyCardView.swift */; };
		1608A4B629B9301700806C55 /* EnemiesViewModel.swift in Sources */ = {isa = PBXBuildFile; fileRef = 1608A4B529B9301700806C55 /* EnemiesViewModel.swift */; };
		1608A4B829B931AE00806C55 /* EnemyExtendedCardView.swift in Sources */ = {isa = PBXBuildFile; fileRef = 1608A4B729B931AE00806C55 /* EnemyExtendedCardView.swift */; };
		1608A4BA29BA862500806C55 /* ProfessorExtendedCardView.swift in Sources */ = {isa = PBXBuildFile; fileRef = 1608A4B929BA862500806C55 /* ProfessorExtendedCardView.swift */; };
		1634060529AE80DF0047D1E3 /* CategoryTitleView.swift in Sources */ = {isa = PBXBuildFile; fileRef = 1634060429AE80DF0047D1E3 /* CategoryTitleView.swift */; };
		1634060729AEBB0B0047D1E3 /* SpellExtendedCardVIew.swift in Sources */ = {isa = PBXBuildFile; fileRef = 1634060629AEBB0B0047D1E3 /* SpellExtendedCardVIew.swift */; };
		1634061229B26CF10047D1E3 /* PotionsView.swift in Sources */ = {isa = PBXBuildFile; fileRef = 1634061129B26CF10047D1E3 /* PotionsView.swift */; };
		1634061429B285A70047D1E3 /* PotionsViewModel.swift in Sources */ = {isa = PBXBuildFile; fileRef = 1634061329B285A70047D1E3 /* PotionsViewModel.swift */; };
		1634061629B288BF0047D1E3 /* PotionCardView.swift in Sources */ = {isa = PBXBuildFile; fileRef = 1634061529B288BF0047D1E3 /* PotionCardView.swift */; };
		1634061829B2B8AA0047D1E3 /* PotionExtendedCardView.swift in Sources */ = {isa = PBXBuildFile; fileRef = 1634061729B2B8AA0047D1E3 /* PotionExtendedCardView.swift */; };
		1634061B29B3AC8F0047D1E3 /* BeastsScreenView.swift in Sources */ = {isa = PBXBuildFile; fileRef = 1634061A29B3AC8F0047D1E3 /* BeastsScreenView.swift */; };
		1634061D29B3EA000047D1E3 /* BeastViewModel.swift in Sources */ = {isa = PBXBuildFile; fileRef = 1634061C29B3EA000047D1E3 /* BeastViewModel.swift */; };
		1634062029B3EB660047D1E3 /* BeastCardView.swift in Sources */ = {isa = PBXBuildFile; fileRef = 1634061F29B3EB660047D1E3 /* BeastCardView.swift */; };
		16378D0F29C3ACF1002E44AE /* StoreKitTool.swift in Sources */ = {isa = PBXBuildFile; fileRef = 16378D0E29C3ACF1002E44AE /* StoreKitTool.swift */; };
		16725C7C29A3DD0F00FD1286 /* Legacy_CompendiumApp.swift in Sources */ = {isa = PBXBuildFile; fileRef = 16725C7B29A3DD0F00FD1286 /* Legacy_CompendiumApp.swift */; };
		16725C7E29A3DD0F00FD1286 /* ContentView.swift in Sources */ = {isa = PBXBuildFile; fileRef = 16725C7D29A3DD0F00FD1286 /* ContentView.swift */; };
		16725C8029A3DD1000FD1286 /* Assets.xcassets in Resources */ = {isa = PBXBuildFile; fileRef = 16725C7F29A3DD1000FD1286 /* Assets.xcassets */; };
		16725C8329A3DD1000FD1286 /* Preview Assets.xcassets in Resources */ = {isa = PBXBuildFile; fileRef = 16725C8229A3DD1000FD1286 /* Preview Assets.xcassets */; };
		16725C8B29A3FCC700FD1286 /* magicalme.ttf in Resources */ = {isa = PBXBuildFile; fileRef = 16725C8A29A3FCC700FD1286 /* magicalme.ttf */; };
		16725C8D29A3FE8100FD1286 /* CrimesOfGrindelwald.otf in Resources */ = {isa = PBXBuildFile; fileRef = 16725C8C29A3FE8100FD1286 /* CrimesOfGrindelwald.otf */; };
		16725C9329A40A4D00FD1286 /* SplashScreen.swift in Sources */ = {isa = PBXBuildFile; fileRef = 16725C9229A40A4D00FD1286 /* SplashScreen.swift */; };
		16725C9729A42B4100FD1286 /* DashboardView.swift in Sources */ = {isa = PBXBuildFile; fileRef = 16725C9629A42B4100FD1286 /* DashboardView.swift */; };
		16725C9929A42B9200FD1286 /* BackgroundView.swift in Sources */ = {isa = PBXBuildFile; fileRef = 16725C9829A42B9200FD1286 /* BackgroundView.swift */; };
		167D181029D2486700E72A54 /* SearchViewModel.swift in Sources */ = {isa = PBXBuildFile; fileRef = 167D180F29D2486700E72A54 /* SearchViewModel.swift */; };
		167E4D2129B3EFF000456CCB /* BeastExtendedCardView.swift in Sources */ = {isa = PBXBuildFile; fileRef = 167E4D2029B3EFF000456CCB /* BeastExtendedCardView.swift */; };
		167E4D2429B4250800456CCB /* BroomsScreenView.swift in Sources */ = {isa = PBXBuildFile; fileRef = 167E4D2329B4250800456CCB /* BroomsScreenView.swift */; };
		167E4D2729B4260700456CCB /* BroomsViewModel.swift in Sources */ = {isa = PBXBuildFile; fileRef = 167E4D2629B4260700456CCB /* BroomsViewModel.swift */; };
		167E4D2B29B4282D00456CCB /* BroomCardView.swift in Sources */ = {isa = PBXBuildFile; fileRef = 167E4D2A29B4282D00456CCB /* BroomCardView.swift */; };
		168574B329C64B7900CAC486 /* PrivacyView.swift in Sources */ = {isa = PBXBuildFile; fileRef = 168574B229C64B7900CAC486 /* PrivacyView.swift */; };
		168574B529C6567C00CAC486 /* TermsView.swift in Sources */ = {isa = PBXBuildFile; fileRef = 168574B429C6567C00CAC486 /* TermsView.swift */; };
		16A724C629A53D7D005E9A24 /* LegacyCompendiumData.json in Resources */ = {isa = PBXBuildFile; fileRef = 16A724C529A53D7D005E9A24 /* LegacyCompendiumData.json */; };
		16A724C829A55243005E9A24 /* LegacyCompendiumModel.swift in Sources */ = {isa = PBXBuildFile; fileRef = 16A724C729A55243005E9A24 /* LegacyCompendiumModel.swift */; };
		16A724CA29A553C1005E9A24 /* LegacyCompendiumVIewModel.swift in Sources */ = {isa = PBXBuildFile; fileRef = 16A724C929A553C1005E9A24 /* LegacyCompendiumVIewModel.swift */; };
		16A724CC29A55E42005E9A24 /* UniversityOldstyleBook.ttf in Resources */ = {isa = PBXBuildFile; fileRef = 16A724CB29A55E42005E9A24 /* UniversityOldstyleBook.ttf */; };
		16A724CF29A578B4005E9A24 /* TextStyleView.swift in Sources */ = {isa = PBXBuildFile; fileRef = 16A724CE29A578B4005E9A24 /* TextStyleView.swift */; };
		16A724D129A5AEF9005E9A24 /* SelectedOptionView.swift in Sources */ = {isa = PBXBuildFile; fileRef = 16A724D029A5AEF9005E9A24 /* SelectedOptionView.swift */; };
		16C022A329A9195500F964BF /* OffsetableScrollView.swift in Sources */ = {isa = PBXBuildFile; fileRef = 16C022A229A9195500F964BF /* OffsetableScrollView.swift */; };
		16C022A629A91A2F00F964BF /* SpellsView.swift in Sources */ = {isa = PBXBuildFile; fileRef = 16C022A529A91A2F00F964BF /* SpellsView.swift */; };
		16C022A829A9499F00F964BF /* DashboardViewModel.swift in Sources */ = {isa = PBXBuildFile; fileRef = 16C022A729A9499F00F964BF /* DashboardViewModel.swift */; };
		16C022AB29A95B9A00F964BF /* SpellCardView.swift in Sources */ = {isa = PBXBuildFile; fileRef = 16C022AA29A95B9A00F964BF /* SpellCardView.swift */; };
		16C022AD29A95F9B00F964BF /* CardBackgroundView.swift in Sources */ = {isa = PBXBuildFile; fileRef = 16C022AC29A95F9B00F964BF /* CardBackgroundView.swift */; };
		16CA829F29AD55B000D10C2A /* Kingfisher in Frameworks */ = {isa = PBXBuildFile; productRef = 16CA829E29AD55B000D10C2A /* Kingfisher */; };
		16CA82A129AD8DB700D10C2A /* NavBarBackgroundView.swift in Sources */ = {isa = PBXBuildFile; fileRef = 16CA82A029AD8DB700D10C2A /* NavBarBackgroundView.swift */; };
		16CA82A329AD97E600D10C2A /* SpellsViewModel.swift in Sources */ = {isa = PBXBuildFile; fileRef = 16CA82A229AD97E600D10C2A /* SpellsViewModel.swift */; };
/* End PBXBuildFile section */

/* Begin PBXFileReference section */
		1604CA7729CD0011006D09E0 /* SearchView.swift */ = {isa = PBXFileReference; lastKnownFileType = sourcecode.swift; path = SearchView.swift; sourceTree = "<group>"; };
		1608A48D29B5273100806C55 /* BroomExtendedCardView.swift */ = {isa = PBXFileReference; lastKnownFileType = sourcecode.swift; path = BroomExtendedCardView.swift; sourceTree = "<group>"; };
		1608A49029B55A4800806C55 /* WandHandlesScreenView.swift */ = {isa = PBXFileReference; lastKnownFileType = sourcecode.swift; path = WandHandlesScreenView.swift; sourceTree = "<group>"; };
		1608A49329B55C3000806C55 /* WandHandleCardView.swift */ = {isa = PBXFileReference; lastKnownFileType = sourcecode.swift; path = WandHandleCardView.swift; sourceTree = "<group>"; };
		1608A49529B55CAF00806C55 /* WandHandlesViewModel.swift */ = {isa = PBXFileReference; lastKnownFileType = sourcecode.swift; path = WandHandlesViewModel.swift; sourceTree = "<group>"; };
		1608A49829B658C100806C55 /* CompanionsScreenView.swift */ = {isa = PBXFileReference; lastKnownFileType = sourcecode.swift; path = CompanionsScreenView.swift; sourceTree = "<group>"; };
		1608A49A29B659BB00806C55 /* CompanionsViewModel.swift */ = {isa = PBXFileReference; lastKnownFileType = sourcecode.swift; path = CompanionsViewModel.swift; sourceTree = "<group>"; };
		1608A49D29B65C5200806C55 /* CompanionCardView.swift */ = {isa = PBXFileReference; lastKnownFileType = sourcecode.swift; path = CompanionCardView.swift; sourceTree = "<group>"; };
		1608A49F29B6864700806C55 /* CompanionExtendedCardView.swift */ = {isa = PBXFileReference; lastKnownFileType = sourcecode.swift; path = CompanionExtendedCardView.swift; sourceTree = "<group>"; };
		1608A4A229B68ACC00806C55 /* ViewExtensions.swift */ = {isa = PBXFileReference; lastKnownFileType = sourcecode.swift; path = ViewExtensions.swift; sourceTree = "<group>"; };
		1608A4A429B7CF5900806C55 /* ProfessorsScreenView.swift */ = {isa = PBXFileReference; lastKnownFileType = sourcecode.swift; path = ProfessorsScreenView.swift; sourceTree = "<group>"; };
		1608A4A629B7CFA900806C55 /* ProfessorsViewModel.swift */ = {isa = PBXFileReference; lastKnownFileType = sourcecode.swift; path = ProfessorsViewModel.swift; sourceTree = "<group>"; };
		1608A4AB29B7D16B00806C55 /* ProfessorCardView.swift */ = {isa = PBXFileReference; lastKnownFileType = sourcecode.swift; path = ProfessorCardView.swift; sourceTree = "<group>"; };
		1608A4AE29B92DF200806C55 /* EnemiesScreenView.swift */ = {isa = PBXFileReference; lastKnownFileType = sourcecode.swift; path = EnemiesScreenView.swift; sourceTree = "<group>"; };
		1608A4B129B92E0D00806C55 /* EnemyCardView.swift */ = {isa = PBXFileReference; lastKnownFileType = sourcecode.swift; path = EnemyCardView.swift; sourceTree = "<group>"; };
		1608A4B529B9301700806C55 /* EnemiesViewModel.swift */ = {isa = PBXFileReference; lastKnownFileType = sourcecode.swift; path = EnemiesViewModel.swift; sourceTree = "<group>"; };
		1608A4B729B931AE00806C55 /* EnemyExtendedCardView.swift */ = {isa = PBXFileReference; lastKnownFileType = sourcecode.swift; path = EnemyExtendedCardView.swift; sourceTree = "<group>"; };
		1608A4B929BA862500806C55 /* ProfessorExtendedCardView.swift */ = {isa = PBXFileReference; lastKnownFileType = sourcecode.swift; path = ProfessorExtendedCardView.swift; sourceTree = "<group>"; };
		1634060429AE80DF0047D1E3 /* CategoryTitleView.swift */ = {isa = PBXFileReference; lastKnownFileType = sourcecode.swift; path = CategoryTitleView.swift; sourceTree = "<group>"; };
		1634060629AEBB0B0047D1E3 /* SpellExtendedCardVIew.swift */ = {isa = PBXFileReference; lastKnownFileType = sourcecode.swift; path = SpellExtendedCardVIew.swift; sourceTree = "<group>"; };
		1634061129B26CF10047D1E3 /* PotionsView.swift */ = {isa = PBXFileReference; lastKnownFileType = sourcecode.swift; path = PotionsView.swift; sourceTree = "<group>"; };
		1634061329B285A70047D1E3 /* PotionsViewModel.swift */ = {isa = PBXFileReference; lastKnownFileType = sourcecode.swift; path = PotionsViewModel.swift; sourceTree = "<group>"; };
		1634061529B288BF0047D1E3 /* PotionCardView.swift */ = {isa = PBXFileReference; lastKnownFileType = sourcecode.swift; path = PotionCardView.swift; sourceTree = "<group>"; };
		1634061729B2B8AA0047D1E3 /* PotionExtendedCardView.swift */ = {isa = PBXFileReference; lastKnownFileType = sourcecode.swift; path = PotionExtendedCardView.swift; sourceTree = "<group>"; };
		1634061A29B3AC8F0047D1E3 /* BeastsScreenView.swift */ = {isa = PBXFileReference; lastKnownFileType = sourcecode.swift; path = BeastsScreenView.swift; sourceTree = "<group>"; };
		1634061C29B3EA000047D1E3 /* BeastViewModel.swift */ = {isa = PBXFileReference; lastKnownFileType = sourcecode.swift; path = BeastViewModel.swift; sourceTree = "<group>"; };
		1634061F29B3EB660047D1E3 /* BeastCardView.swift */ = {isa = PBXFileReference; lastKnownFileType = sourcecode.swift; path = BeastCardView.swift; sourceTree = "<group>"; };
		16378D0E29C3ACF1002E44AE /* StoreKitTool.swift */ = {isa = PBXFileReference; lastKnownFileType = sourcecode.swift; path = StoreKitTool.swift; sourceTree = "<group>"; };
		16378D1229C3CABE002E44AE /* StoreKitProducts.storekit */ = {isa = PBXFileReference; lastKnownFileType = text; path = StoreKitProducts.storekit; sourceTree = "<group>"; };
		16725C7829A3DD0F00FD1286 /* Legacy Compendium.app */ = {isa = PBXFileReference; explicitFileType = wrapper.application; includeInIndex = 0; path = "Legacy Compendium.app"; sourceTree = BUILT_PRODUCTS_DIR; };
		16725C7B29A3DD0F00FD1286 /* Legacy_CompendiumApp.swift */ = {isa = PBXFileReference; lastKnownFileType = sourcecode.swift; path = Legacy_CompendiumApp.swift; sourceTree = "<group>"; };
		16725C7D29A3DD0F00FD1286 /* ContentView.swift */ = {isa = PBXFileReference; lastKnownFileType = sourcecode.swift; path = ContentView.swift; sourceTree = "<group>"; };
		16725C7F29A3DD1000FD1286 /* Assets.xcassets */ = {isa = PBXFileReference; lastKnownFileType = folder.assetcatalog; path = Assets.xcassets; sourceTree = "<group>"; };
		16725C8229A3DD1000FD1286 /* Preview Assets.xcassets */ = {isa = PBXFileReference; lastKnownFileType = folder.assetcatalog; path = "Preview Assets.xcassets"; sourceTree = "<group>"; };
		16725C8A29A3FCC700FD1286 /* magicalme.ttf */ = {isa = PBXFileReference; lastKnownFileType = file; path = magicalme.ttf; sourceTree = "<group>"; };
		16725C8C29A3FE8100FD1286 /* CrimesOfGrindelwald.otf */ = {isa = PBXFileReference; lastKnownFileType = file; path = CrimesOfGrindelwald.otf; sourceTree = "<group>"; };
		16725C8E29A3FF1700FD1286 /* Legacy-Compendium-Info.plist */ = {isa = PBXFileReference; lastKnownFileType = text.plist; path = "Legacy-Compendium-Info.plist"; sourceTree = SOURCE_ROOT; };
		16725C9229A40A4D00FD1286 /* SplashScreen.swift */ = {isa = PBXFileReference; lastKnownFileType = sourcecode.swift; path = SplashScreen.swift; sourceTree = "<group>"; };
		16725C9629A42B4100FD1286 /* DashboardView.swift */ = {isa = PBXFileReference; lastKnownFileType = sourcecode.swift; path = DashboardView.swift; sourceTree = "<group>"; };
		16725C9829A42B9200FD1286 /* BackgroundView.swift */ = {isa = PBXFileReference; lastKnownFileType = sourcecode.swift; path = BackgroundView.swift; sourceTree = "<group>"; };
		167D180F29D2486700E72A54 /* SearchViewModel.swift */ = {isa = PBXFileReference; lastKnownFileType = sourcecode.swift; path = SearchViewModel.swift; sourceTree = "<group>"; };
		167E4D2029B3EFF000456CCB /* BeastExtendedCardView.swift */ = {isa = PBXFileReference; lastKnownFileType = sourcecode.swift; path = BeastExtendedCardView.swift; sourceTree = "<group>"; };
		167E4D2329B4250800456CCB /* BroomsScreenView.swift */ = {isa = PBXFileReference; lastKnownFileType = sourcecode.swift; path = BroomsScreenView.swift; sourceTree = "<group>"; };
		167E4D2629B4260700456CCB /* BroomsViewModel.swift */ = {isa = PBXFileReference; lastKnownFileType = sourcecode.swift; path = BroomsViewModel.swift; sourceTree = "<group>"; };
		167E4D2A29B4282D00456CCB /* BroomCardView.swift */ = {isa = PBXFileReference; lastKnownFileType = sourcecode.swift; path = BroomCardView.swift; sourceTree = "<group>"; };
		168574B229C64B7900CAC486 /* PrivacyView.swift */ = {isa = PBXFileReference; lastKnownFileType = sourcecode.swift; path = PrivacyView.swift; sourceTree = "<group>"; };
		168574B429C6567C00CAC486 /* TermsView.swift */ = {isa = PBXFileReference; lastKnownFileType = sourcecode.swift; path = TermsView.swift; sourceTree = "<group>"; };
		16A724C529A53D7D005E9A24 /* LegacyCompendiumData.json */ = {isa = PBXFileReference; fileEncoding = 4; lastKnownFileType = text.json; path = LegacyCompendiumData.json; sourceTree = "<group>"; };
		16A724C729A55243005E9A24 /* LegacyCompendiumModel.swift */ = {isa = PBXFileReference; lastKnownFileType = sourcecode.swift; path = LegacyCompendiumModel.swift; sourceTree = "<group>"; };
		16A724C929A553C1005E9A24 /* LegacyCompendiumVIewModel.swift */ = {isa = PBXFileReference; lastKnownFileType = sourcecode.swift; path = LegacyCompendiumVIewModel.swift; sourceTree = "<group>"; };
		16A724CB29A55E42005E9A24 /* UniversityOldstyleBook.ttf */ = {isa = PBXFileReference; lastKnownFileType = file; path = UniversityOldstyleBook.ttf; sourceTree = "<group>"; };
		16A724CE29A578B4005E9A24 /* TextStyleView.swift */ = {isa = PBXFileReference; lastKnownFileType = sourcecode.swift; path = TextStyleView.swift; sourceTree = "<group>"; };
		16A724D029A5AEF9005E9A24 /* SelectedOptionView.swift */ = {isa = PBXFileReference; lastKnownFileType = sourcecode.swift; path = SelectedOptionView.swift; sourceTree = "<group>"; };
		16C022A229A9195500F964BF /* OffsetableScrollView.swift */ = {isa = PBXFileReference; lastKnownFileType = sourcecode.swift; path = OffsetableScrollView.swift; sourceTree = "<group>"; };
		16C022A529A91A2F00F964BF /* SpellsView.swift */ = {isa = PBXFileReference; lastKnownFileType = sourcecode.swift; path = SpellsView.swift; sourceTree = "<group>"; };
		16C022A729A9499F00F964BF /* DashboardViewModel.swift */ = {isa = PBXFileReference; lastKnownFileType = sourcecode.swift; path = DashboardViewModel.swift; sourceTree = "<group>"; };
		16C022AA29A95B9A00F964BF /* SpellCardView.swift */ = {isa = PBXFileReference; lastKnownFileType = sourcecode.swift; path = SpellCardView.swift; sourceTree = "<group>"; };
		16C022AC29A95F9B00F964BF /* CardBackgroundView.swift */ = {isa = PBXFileReference; lastKnownFileType = sourcecode.swift; path = CardBackgroundView.swift; sourceTree = "<group>"; };
		16CA82A029AD8DB700D10C2A /* NavBarBackgroundView.swift */ = {isa = PBXFileReference; lastKnownFileType = sourcecode.swift; path = NavBarBackgroundView.swift; sourceTree = "<group>"; };
		16CA82A229AD97E600D10C2A /* SpellsViewModel.swift */ = {isa = PBXFileReference; lastKnownFileType = sourcecode.swift; path = SpellsViewModel.swift; sourceTree = "<group>"; };
/* End PBXFileReference section */

/* Begin PBXFrameworksBuildPhase section */
		16725C7529A3DD0F00FD1286 /* Frameworks */ = {
			isa = PBXFrameworksBuildPhase;
			buildActionMask = 2147483647;
			files = (
				16CA829F29AD55B000D10C2A /* Kingfisher in Frameworks */,
			);
			runOnlyForDeploymentPostprocessing = 0;
		};
/* End PBXFrameworksBuildPhase section */

/* Begin PBXGroup section */
		1604CA7629CCFFF6006D09E0 /* SearchViews */ = {
			isa = PBXGroup;
			children = (
				1604CA7729CD0011006D09E0 /* SearchView.swift */,
			);
			path = SearchViews;
			sourceTree = "<group>";
		};
		1608A48F29B55A2200806C55 /* WandHandlesViews */ = {
			isa = PBXGroup;
			children = (
				1608A49229B55C1800806C55 /* Components */,
				1608A49029B55A4800806C55 /* WandHandlesScreenView.swift */,
			);
			path = WandHandlesViews;
			sourceTree = "<group>";
		};
		1608A49229B55C1800806C55 /* Components */ = {
			isa = PBXGroup;
			children = (
				1608A49329B55C3000806C55 /* WandHandleCardView.swift */,
			);
			path = Components;
			sourceTree = "<group>";
		};
		1608A49729B6589700806C55 /* CompanionsViews */ = {
			isa = PBXGroup;
			children = (
				1608A49C29B65C3E00806C55 /* Components */,
				1608A49829B658C100806C55 /* CompanionsScreenView.swift */,
			);
			path = CompanionsViews;
			sourceTree = "<group>";
		};
		1608A49C29B65C3E00806C55 /* Components */ = {
			isa = PBXGroup;
			children = (
				1608A49D29B65C5200806C55 /* CompanionCardView.swift */,
				1608A49F29B6864700806C55 /* CompanionExtendedCardView.swift */,
			);
			path = Components;
			sourceTree = "<group>";
		};
		1608A4A129B68AA900806C55 /* Helpers */ = {
			isa = PBXGroup;
			children = (
				1608A4A229B68ACC00806C55 /* ViewExtensions.swift */,
			);
			path = Helpers;
			sourceTree = "<group>";
		};
		1608A4A829B7D12600806C55 /* ProfessorsViews */ = {
			isa = PBXGroup;
			children = (
				1608A4A929B7D14200806C55 /* Components */,
				1608A4A429B7CF5900806C55 /* ProfessorsScreenView.swift */,
			);
			path = ProfessorsViews;
			sourceTree = "<group>";
		};
		1608A4A929B7D14200806C55 /* Components */ = {
			isa = PBXGroup;
			children = (
				1608A4AB29B7D16B00806C55 /* ProfessorCardView.swift */,
				1608A4B929BA862500806C55 /* ProfessorExtendedCardView.swift */,
			);
			path = Components;
			sourceTree = "<group>";
		};
		1608A4AD29B92DDA00806C55 /* EnemiesViews */ = {
			isa = PBXGroup;
			children = (
				1608A4B029B92DF800806C55 /* Components */,
				1608A4AE29B92DF200806C55 /* EnemiesScreenView.swift */,
			);
			path = EnemiesViews;
			sourceTree = "<group>";
		};
		1608A4B029B92DF800806C55 /* Components */ = {
			isa = PBXGroup;
			children = (
				1608A4B129B92E0D00806C55 /* EnemyCardView.swift */,
				1608A4B729B931AE00806C55 /* EnemyExtendedCardView.swift */,
			);
			name = Components;
			sourceTree = "<group>";
		};
		1634060F29B26C8D0047D1E3 /* PotionsViews */ = {
			isa = PBXGroup;
			children = (
				1634061029B26C980047D1E3 /* Components */,
				1634061129B26CF10047D1E3 /* PotionsView.swift */,
			);
			path = PotionsViews;
			sourceTree = "<group>";
		};
		1634061029B26C980047D1E3 /* Components */ = {
			isa = PBXGroup;
			children = (
				1634061529B288BF0047D1E3 /* PotionCardView.swift */,
				1634061729B2B8AA0047D1E3 /* PotionExtendedCardView.swift */,
			);
			path = Components;
			sourceTree = "<group>";
		};
		1634061929B3AC420047D1E3 /* BeastsViews */ = {
			isa = PBXGroup;
			children = (
				1634061E29B3EB4B0047D1E3 /* Components */,
				1634061A29B3AC8F0047D1E3 /* BeastsScreenView.swift */,
			);
			path = BeastsViews;
			sourceTree = "<group>";
		};
		1634061E29B3EB4B0047D1E3 /* Components */ = {
			isa = PBXGroup;
			children = (
				1634061F29B3EB660047D1E3 /* BeastCardView.swift */,
				167E4D2029B3EFF000456CCB /* BeastExtendedCardView.swift */,
			);
			path = Components;
			sourceTree = "<group>";
		};
		16378D1329C3CAE5002E44AE /* Store */ = {
			isa = PBXGroup;
			children = (
				16378D0E29C3ACF1002E44AE /* StoreKitTool.swift */,
			);
			path = Store;
			sourceTree = "<group>";
		};
		16725C6F29A3DD0F00FD1286 = {
			isa = PBXGroup;
			children = (
				16725C7A29A3DD0F00FD1286 /* Legacy Compendium */,
				16725C7929A3DD0F00FD1286 /* Products */,
			);
			sourceTree = "<group>";
		};
		16725C7929A3DD0F00FD1286 /* Products */ = {
			isa = PBXGroup;
			children = (
				16725C7829A3DD0F00FD1286 /* Legacy Compendium.app */,
			);
			name = Products;
			sourceTree = "<group>";
		};
		16725C7A29A3DD0F00FD1286 /* Legacy Compendium */ = {
			isa = PBXGroup;
			children = (
				16725C8E29A3FF1700FD1286 /* Legacy-Compendium-Info.plist */,
				16378D1229C3CABE002E44AE /* StoreKitProducts.storekit */,
				16725C7B29A3DD0F00FD1286 /* Legacy_CompendiumApp.swift */,
				16725C7F29A3DD1000FD1286 /* Assets.xcassets */,
				16725C7D29A3DD0F00FD1286 /* ContentView.swift */,
				16378D1329C3CAE5002E44AE /* Store */,
				1608A4A129B68AA900806C55 /* Helpers */,
				16725C9129A40A2800FD1286 /* Models */,
				16725C8F29A40A0800FD1286 /* Views */,
				16725C9029A40A1300FD1286 /* ViewModels */,
				16725C8929A3FC8400FD1286 /* Fonts */,
				16725C8129A3DD1000FD1286 /* Preview Content */,
			);
			path = "Legacy Compendium";
			sourceTree = "<group>";
		};
		16725C8129A3DD1000FD1286 /* Preview Content */ = {
			isa = PBXGroup;
			children = (
				16725C8229A3DD1000FD1286 /* Preview Assets.xcassets */,
			);
			path = "Preview Content";
			sourceTree = "<group>";
		};
		16725C8929A3FC8400FD1286 /* Fonts */ = {
			isa = PBXGroup;
			children = (
				16725C8C29A3FE8100FD1286 /* CrimesOfGrindelwald.otf */,
				16A724CB29A55E42005E9A24 /* UniversityOldstyleBook.ttf */,
				16725C8A29A3FCC700FD1286 /* magicalme.ttf */,
			);
			path = Fonts;
			sourceTree = "<group>";
		};
		16725C8F29A40A0800FD1286 /* Views */ = {
			isa = PBXGroup;
			children = (
				1604CA7629CCFFF6006D09E0 /* SearchViews */,
				168574B629C6568400CAC486 /* TermsViews */,
				168574B129C64B5800CAC486 /* PrivacyViews */,
				1608A4AD29B92DDA00806C55 /* EnemiesViews */,
				1608A4A829B7D12600806C55 /* ProfessorsViews */,
				1608A49729B6589700806C55 /* CompanionsViews */,
				1608A48F29B55A2200806C55 /* WandHandlesViews */,
				167E4D2229B4249900456CCB /* BroomsViews */,
				1634061929B3AC420047D1E3 /* BeastsViews */,
				1634060F29B26C8D0047D1E3 /* PotionsViews */,
				16C022A429A9197B00F964BF /* SpellsViews */,
				16A724CD29A5789A005E9A24 /* Global View Components */,
				16725C9229A40A4D00FD1286 /* SplashScreen.swift */,
				16725C9629A42B4100FD1286 /* DashboardView.swift */,
			);
			path = Views;
			sourceTree = "<group>";
		};
		16725C9029A40A1300FD1286 /* ViewModels */ = {
			isa = PBXGroup;
			children = (
				16A724C929A553C1005E9A24 /* LegacyCompendiumVIewModel.swift */,
				16C022A729A9499F00F964BF /* DashboardViewModel.swift */,
				16CA82A229AD97E600D10C2A /* SpellsViewModel.swift */,
				1634061329B285A70047D1E3 /* PotionsViewModel.swift */,
				1634061C29B3EA000047D1E3 /* BeastViewModel.swift */,
				167E4D2629B4260700456CCB /* BroomsViewModel.swift */,
				1608A49529B55CAF00806C55 /* WandHandlesViewModel.swift */,
				1608A49A29B659BB00806C55 /* CompanionsViewModel.swift */,
				1608A4A629B7CFA900806C55 /* ProfessorsViewModel.swift */,
				1608A4B529B9301700806C55 /* EnemiesViewModel.swift */,
				167D180F29D2486700E72A54 /* SearchViewModel.swift */,
			);
			path = ViewModels;
			sourceTree = "<group>";
		};
		16725C9129A40A2800FD1286 /* Models */ = {
			isa = PBXGroup;
			children = (
				16A724C529A53D7D005E9A24 /* LegacyCompendiumData.json */,
				16A724C729A55243005E9A24 /* LegacyCompendiumModel.swift */,
			);
			path = Models;
			sourceTree = "<group>";
		};
		167E4D2229B4249900456CCB /* BroomsViews */ = {
			isa = PBXGroup;
			children = (
				167E4D2529B4251800456CCB /* Components */,
				167E4D2329B4250800456CCB /* BroomsScreenView.swift */,
			);
			path = BroomsViews;
			sourceTree = "<group>";
		};
		167E4D2529B4251800456CCB /* Components */ = {
			isa = PBXGroup;
			children = (
				167E4D2A29B4282D00456CCB /* BroomCardView.swift */,
				1608A48D29B5273100806C55 /* BroomExtendedCardView.swift */,
			);
			path = Components;
			sourceTree = "<group>";
		};
		168574B129C64B5800CAC486 /* PrivacyViews */ = {
			isa = PBXGroup;
			children = (
				168574B229C64B7900CAC486 /* PrivacyView.swift */,
			);
			path = PrivacyViews;
			sourceTree = "<group>";
		};
		168574B629C6568400CAC486 /* TermsViews */ = {
			isa = PBXGroup;
			children = (
				168574B429C6567C00CAC486 /* TermsView.swift */,
			);
			path = TermsViews;
			sourceTree = "<group>";
		};
		16A724CD29A5789A005E9A24 /* Global View Components */ = {
			isa = PBXGroup;
			children = (
				16725C9829A42B9200FD1286 /* BackgroundView.swift */,
				16A724CE29A578B4005E9A24 /* TextStyleView.swift */,
				16A724D029A5AEF9005E9A24 /* SelectedOptionView.swift */,
				16C022A229A9195500F964BF /* OffsetableScrollView.swift */,
				16C022AC29A95F9B00F964BF /* CardBackgroundView.swift */,
				16CA82A029AD8DB700D10C2A /* NavBarBackgroundView.swift */,
				1634060429AE80DF0047D1E3 /* CategoryTitleView.swift */,
			);
			path = "Global View Components";
			sourceTree = "<group>";
		};
		16C022A429A9197B00F964BF /* SpellsViews */ = {
			isa = PBXGroup;
			children = (
				16C022A529A91A2F00F964BF /* SpellsView.swift */,
				16C022A929A95B7200F964BF /* Components */,
			);
			path = SpellsViews;
			sourceTree = "<group>";
		};
		16C022A929A95B7200F964BF /* Components */ = {
			isa = PBXGroup;
			children = (
				16C022AA29A95B9A00F964BF /* SpellCardView.swift */,
				1634060629AEBB0B0047D1E3 /* SpellExtendedCardVIew.swift */,
			);
			path = Components;
			sourceTree = "<group>";
		};
/* End PBXGroup section */

/* Begin PBXNativeTarget section */
		16725C7729A3DD0F00FD1286 /* Legacy Compendium */ = {
			isa = PBXNativeTarget;
			buildConfigurationList = 16725C8629A3DD1000FD1286 /* Build configuration list for PBXNativeTarget "Legacy Compendium" */;
			buildPhases = (
				16725C7429A3DD0F00FD1286 /* Sources */,
				16725C7529A3DD0F00FD1286 /* Frameworks */,
				16725C7629A3DD0F00FD1286 /* Resources */,
			);
			buildRules = (
			);
			dependencies = (
			);
			name = "Legacy Compendium";
			packageProductDependencies = (
				16CA829E29AD55B000D10C2A /* Kingfisher */,
			);
			productName = "Legacy Compendium";
			productReference = 16725C7829A3DD0F00FD1286 /* Legacy Compendium.app */;
			productType = "com.apple.product-type.application";
		};
/* End PBXNativeTarget section */

/* Begin PBXProject section */
		16725C7029A3DD0F00FD1286 /* Project object */ = {
			isa = PBXProject;
			attributes = {
				BuildIndependentTargetsInParallel = 1;
				LastSwiftUpdateCheck = 1420;
				LastUpgradeCheck = 1420;
				TargetAttributes = {
					16725C7729A3DD0F00FD1286 = {
						CreatedOnToolsVersion = 14.2;
					};
				};
			};
			buildConfigurationList = 16725C7329A3DD0F00FD1286 /* Build configuration list for PBXProject "Legacy Compendium" */;
			compatibilityVersion = "Xcode 14.0";
			developmentRegion = en;
			hasScannedForEncodings = 0;
			knownRegions = (
				en,
				Base,
			);
			mainGroup = 16725C6F29A3DD0F00FD1286;
			packageReferences = (
				16CA829D29AD55B000D10C2A /* XCRemoteSwiftPackageReference "Kingfisher" */,
			);
			productRefGroup = 16725C7929A3DD0F00FD1286 /* Products */;
			projectDirPath = "";
			projectRoot = "";
			targets = (
				16725C7729A3DD0F00FD1286 /* Legacy Compendium */,
			);
		};
/* End PBXProject section */

/* Begin PBXResourcesBuildPhase section */
		16725C7629A3DD0F00FD1286 /* Resources */ = {
			isa = PBXResourcesBuildPhase;
			buildActionMask = 2147483647;
			files = (
				16725C8329A3DD1000FD1286 /* Preview Assets.xcassets in Resources */,
				16A724C629A53D7D005E9A24 /* LegacyCompendiumData.json in Resources */,
				16725C8D29A3FE8100FD1286 /* CrimesOfGrindelwald.otf in Resources */,
				16725C8029A3DD1000FD1286 /* Assets.xcassets in Resources */,
				16A724CC29A55E42005E9A24 /* UniversityOldstyleBook.ttf in Resources */,
				16725C8B29A3FCC700FD1286 /* magicalme.ttf in Resources */,
			);
			runOnlyForDeploymentPostprocessing = 0;
		};
/* End PBXResourcesBuildPhase section */

/* Begin PBXSourcesBuildPhase section */
		16725C7429A3DD0F00FD1286 /* Sources */ = {
			isa = PBXSourcesBuildPhase;
			buildActionMask = 2147483647;
			files = (
				1608A49629B55CAF00806C55 /* WandHandlesViewModel.swift in Sources */,
				1608A49129B55A4800806C55 /* WandHandlesScreenView.swift in Sources */,
				1608A4B829B931AE00806C55 /* EnemyExtendedCardView.swift in Sources */,
				16C022AD29A95F9B00F964BF /* CardBackgroundView.swift in Sources */,
				1608A49E29B65C5200806C55 /* CompanionCardView.swift in Sources */,
				168574B329C64B7900CAC486 /* PrivacyView.swift in Sources */,
				1634061429B285A70047D1E3 /* PotionsViewModel.swift in Sources */,
				1608A4AF29B92DF300806C55 /* EnemiesScreenView.swift in Sources */,
				167E4D2729B4260700456CCB /* BroomsViewModel.swift in Sources */,
				16725C9929A42B9200FD1286 /* BackgroundView.swift in Sources */,
				16A724CA29A553C1005E9A24 /* LegacyCompendiumVIewModel.swift in Sources */,
				1608A4AC29B7D16B00806C55 /* ProfessorCardView.swift in Sources */,
				1608A4BA29BA862500806C55 /* ProfessorExtendedCardView.swift in Sources */,
				16C022AB29A95B9A00F964BF /* SpellCardView.swift in Sources */,
				1634061629B288BF0047D1E3 /* PotionCardView.swift in Sources */,
				1608A4A029B6864700806C55 /* CompanionExtendedCardView.swift in Sources */,
				16C022A329A9195500F964BF /* OffsetableScrollView.swift in Sources */,
				16C022A829A9499F00F964BF /* DashboardViewModel.swift in Sources */,
				1608A49929B658C100806C55 /* CompanionsScreenView.swift in Sources */,
				1634061229B26CF10047D1E3 /* PotionsView.swift in Sources */,
				1634062029B3EB660047D1E3 /* BeastCardView.swift in Sources */,
				16A724D129A5AEF9005E9A24 /* SelectedOptionView.swift in Sources */,
				16725C9329A40A4D00FD1286 /* SplashScreen.swift in Sources */,
				1608A4A329B68ACC00806C55 /* ViewExtensions.swift in Sources */,
				1634060729AEBB0B0047D1E3 /* SpellExtendedCardVIew.swift in Sources */,
				16C022A629A91A2F00F964BF /* SpellsView.swift in Sources */,
				1608A48E29B5273100806C55 /* BroomExtendedCardView.swift in Sources */,
				1608A4B229B92E0D00806C55 /* EnemyCardView.swift in Sources */,
				1634060529AE80DF0047D1E3 /* CategoryTitleView.swift in Sources */,
				16725C9729A42B4100FD1286 /* DashboardView.swift in Sources */,
				16A724C829A55243005E9A24 /* LegacyCompendiumModel.swift in Sources */,
				167E4D2429B4250800456CCB /* BroomsScreenView.swift in Sources */,
				1634061829B2B8AA0047D1E3 /* PotionExtendedCardView.swift in Sources */,
				1634061B29B3AC8F0047D1E3 /* BeastsScreenView.swift in Sources */,
				168574B529C6567C00CAC486 /* TermsView.swift in Sources */,
				1608A49B29B659BB00806C55 /* CompanionsViewModel.swift in Sources */,
				1634061D29B3EA000047D1E3 /* BeastViewModel.swift in Sources */,
				1608A4A729B7CFA900806C55 /* ProfessorsViewModel.swift in Sources */,
				16CA82A129AD8DB700D10C2A /* NavBarBackgroundView.swift in Sources */,
				1608A4B629B9301700806C55 /* EnemiesViewModel.swift in Sources */,
				1604CA7829CD0011006D09E0 /* SearchView.swift in Sources */,
				1608A4A529B7CF5900806C55 /* ProfessorsScreenView.swift in Sources */,
				16725C7E29A3DD0F00FD1286 /* ContentView.swift in Sources */,
				167E4D2B29B4282D00456CCB /* BroomCardView.swift in Sources */,
				16725C7C29A3DD0F00FD1286 /* Legacy_CompendiumApp.swift in Sources */,
				16A724CF29A578B4005E9A24 /* TextStyleView.swift in Sources */,
				16378D0F29C3ACF1002E44AE /* StoreKitTool.swift in Sources */,
				16CA82A329AD97E600D10C2A /* SpellsViewModel.swift in Sources */,
				167D181029D2486700E72A54 /* SearchViewModel.swift in Sources */,
				1608A49429B55C3000806C55 /* WandHandleCardView.swift in Sources */,
				167E4D2129B3EFF000456CCB /* BeastExtendedCardView.swift in Sources */,
			);
			runOnlyForDeploymentPostprocessing = 0;
		};
/* End PBXSourcesBuildPhase section */

/* Begin XCBuildConfiguration section */
		16725C8429A3DD1000FD1286 /* Debug */ = {
			isa = XCBuildConfiguration;
			buildSettings = {
				ALWAYS_SEARCH_USER_PATHS = NO;
				CLANG_ANALYZER_NONNULL = YES;
				CLANG_ANALYZER_NUMBER_OBJECT_CONVERSION = YES_AGGRESSIVE;
				CLANG_CXX_LANGUAGE_STANDARD = "gnu++20";
				CLANG_ENABLE_MODULES = YES;
				CLANG_ENABLE_OBJC_ARC = YES;
				CLANG_ENABLE_OBJC_WEAK = YES;
				CLANG_WARN_BLOCK_CAPTURE_AUTORELEASING = YES;
				CLANG_WARN_BOOL_CONVERSION = YES;
				CLANG_WARN_COMMA = YES;
				CLANG_WARN_CONSTANT_CONVERSION = YES;
				CLANG_WARN_DEPRECATED_OBJC_IMPLEMENTATIONS = YES;
				CLANG_WARN_DIRECT_OBJC_ISA_USAGE = YES_ERROR;
				CLANG_WARN_DOCUMENTATION_COMMENTS = YES;
				CLANG_WARN_EMPTY_BODY = YES;
				CLANG_WARN_ENUM_CONVERSION = YES;
				CLANG_WARN_INFINITE_RECURSION = YES;
				CLANG_WARN_INT_CONVERSION = YES;
				CLANG_WARN_NON_LITERAL_NULL_CONVERSION = YES;
				CLANG_WARN_OBJC_IMPLICIT_RETAIN_SELF = YES;
				CLANG_WARN_OBJC_LITERAL_CONVERSION = YES;
				CLANG_WARN_OBJC_ROOT_CLASS = YES_ERROR;
				CLANG_WARN_QUOTED_INCLUDE_IN_FRAMEWORK_HEADER = YES;
				CLANG_WARN_RANGE_LOOP_ANALYSIS = YES;
				CLANG_WARN_STRICT_PROTOTYPES = YES;
				CLANG_WARN_SUSPICIOUS_MOVE = YES;
				CLANG_WARN_UNGUARDED_AVAILABILITY = YES_AGGRESSIVE;
				CLANG_WARN_UNREACHABLE_CODE = YES;
				CLANG_WARN__DUPLICATE_METHOD_MATCH = YES;
				COPY_PHASE_STRIP = NO;
				DEBUG_INFORMATION_FORMAT = dwarf;
				ENABLE_STRICT_OBJC_MSGSEND = YES;
				ENABLE_TESTABILITY = YES;
				GCC_C_LANGUAGE_STANDARD = gnu11;
				GCC_DYNAMIC_NO_PIC = NO;
				GCC_NO_COMMON_BLOCKS = YES;
				GCC_OPTIMIZATION_LEVEL = 0;
				GCC_PREPROCESSOR_DEFINITIONS = (
					"DEBUG=1",
					"$(inherited)",
				);
				GCC_WARN_64_TO_32_BIT_CONVERSION = YES;
				GCC_WARN_ABOUT_RETURN_TYPE = YES_ERROR;
				GCC_WARN_UNDECLARED_SELECTOR = YES;
				GCC_WARN_UNINITIALIZED_AUTOS = YES_AGGRESSIVE;
				GCC_WARN_UNUSED_FUNCTION = YES;
				GCC_WARN_UNUSED_VARIABLE = YES;
				IPHONEOS_DEPLOYMENT_TARGET = 16.0;
				MTL_ENABLE_DEBUG_INFO = INCLUDE_SOURCE;
				MTL_FAST_MATH = YES;
				ONLY_ACTIVE_ARCH = YES;
				SDKROOT = iphoneos;
				SWIFT_ACTIVE_COMPILATION_CONDITIONS = DEBUG;
				SWIFT_OPTIMIZATION_LEVEL = "-Onone";
			};
			name = Debug;
		};
		16725C8529A3DD1000FD1286 /* Release */ = {
			isa = XCBuildConfiguration;
			buildSettings = {
				ALWAYS_SEARCH_USER_PATHS = NO;
				CLANG_ANALYZER_NONNULL = YES;
				CLANG_ANALYZER_NUMBER_OBJECT_CONVERSION = YES_AGGRESSIVE;
				CLANG_CXX_LANGUAGE_STANDARD = "gnu++20";
				CLANG_ENABLE_MODULES = YES;
				CLANG_ENABLE_OBJC_ARC = YES;
				CLANG_ENABLE_OBJC_WEAK = YES;
				CLANG_WARN_BLOCK_CAPTURE_AUTORELEASING = YES;
				CLANG_WARN_BOOL_CONVERSION = YES;
				CLANG_WARN_COMMA = YES;
				CLANG_WARN_CONSTANT_CONVERSION = YES;
				CLANG_WARN_DEPRECATED_OBJC_IMPLEMENTATIONS = YES;
				CLANG_WARN_DIRECT_OBJC_ISA_USAGE = YES_ERROR;
				CLANG_WARN_DOCUMENTATION_COMMENTS = YES;
				CLANG_WARN_EMPTY_BODY = YES;
				CLANG_WARN_ENUM_CONVERSION = YES;
				CLANG_WARN_INFINITE_RECURSION = YES;
				CLANG_WARN_INT_CONVERSION = YES;
				CLANG_WARN_NON_LITERAL_NULL_CONVERSION = YES;
				CLANG_WARN_OBJC_IMPLICIT_RETAIN_SELF = YES;
				CLANG_WARN_OBJC_LITERAL_CONVERSION = YES;
				CLANG_WARN_OBJC_ROOT_CLASS = YES_ERROR;
				CLANG_WARN_QUOTED_INCLUDE_IN_FRAMEWORK_HEADER = YES;
				CLANG_WARN_RANGE_LOOP_ANALYSIS = YES;
				CLANG_WARN_STRICT_PROTOTYPES = YES;
				CLANG_WARN_SUSPICIOUS_MOVE = YES;
				CLANG_WARN_UNGUARDED_AVAILABILITY = YES_AGGRESSIVE;
				CLANG_WARN_UNREACHABLE_CODE = YES;
				CLANG_WARN__DUPLICATE_METHOD_MATCH = YES;
				COPY_PHASE_STRIP = NO;
				DEBUG_INFORMATION_FORMAT = "dwarf-with-dsym";
				ENABLE_NS_ASSERTIONS = NO;
				ENABLE_STRICT_OBJC_MSGSEND = YES;
				GCC_C_LANGUAGE_STANDARD = gnu11;
				GCC_NO_COMMON_BLOCKS = YES;
				GCC_WARN_64_TO_32_BIT_CONVERSION = YES;
				GCC_WARN_ABOUT_RETURN_TYPE = YES_ERROR;
				GCC_WARN_UNDECLARED_SELECTOR = YES;
				GCC_WARN_UNINITIALIZED_AUTOS = YES_AGGRESSIVE;
				GCC_WARN_UNUSED_FUNCTION = YES;
				GCC_WARN_UNUSED_VARIABLE = YES;
				IPHONEOS_DEPLOYMENT_TARGET = 16.0;
				MTL_ENABLE_DEBUG_INFO = NO;
				MTL_FAST_MATH = YES;
				SDKROOT = iphoneos;
				SWIFT_COMPILATION_MODE = wholemodule;
				SWIFT_OPTIMIZATION_LEVEL = "-O";
				VALIDATE_PRODUCT = YES;
			};
			name = Release;
		};
		16725C8729A3DD1000FD1286 /* Debug */ = {
			isa = XCBuildConfiguration;
			buildSettings = {
				ASSETCATALOG_COMPILER_APPICON_NAME = AppIcon;
				ASSETCATALOG_COMPILER_GLOBAL_ACCENT_COLOR_NAME = AccentColor;
				CODE_SIGN_STYLE = Automatic;
				CURRENT_PROJECT_VERSION = 1;
				DEVELOPMENT_ASSET_PATHS = "\"Legacy Compendium/Preview Content\"";
				DEVELOPMENT_TEAM = 6Z8MU97UL5;
				ENABLE_PREVIEWS = YES;
				GENERATE_INFOPLIST_FILE = YES;
				INFOPLIST_FILE = "Legacy-Compendium-Info.plist";
				INFOPLIST_KEY_CFBundleDisplayName = "Legacy Compendium";
				INFOPLIST_KEY_LSApplicationCategoryType = "public.app-category.entertainment";
				INFOPLIST_KEY_UIApplicationSceneManifest_Generation = YES;
				INFOPLIST_KEY_UIApplicationSupportsIndirectInputEvents = YES;
				INFOPLIST_KEY_UILaunchScreen_Generation = YES;
				INFOPLIST_KEY_UIStatusBarStyle = UIStatusBarStyleDarkContent;
				INFOPLIST_KEY_UISupportedInterfaceOrientations = UIInterfaceOrientationPortrait;
				INFOPLIST_KEY_UISupportedInterfaceOrientations_iPad = "UIInterfaceOrientationLandscapeLeft UIInterfaceOrientationLandscapeRight";
				IPHONEOS_DEPLOYMENT_TARGET = 16.0;
				LD_RUNPATH_SEARCH_PATHS = (
					"$(inherited)",
					"@executable_path/Frameworks",
				);
				MARKETING_VERSION = 1.0;
				PRODUCT_BUNDLE_IDENTIFIER = "com.aguilarjacob.Legacy-Compendium";
				PRODUCT_NAME = "$(TARGET_NAME)";
				SUPPORTED_PLATFORMS = "iphoneos iphonesimulator";
				SUPPORTS_MACCATALYST = NO;
				SUPPORTS_MAC_DESIGNED_FOR_IPHONE_IPAD = NO;
				SWIFT_EMIT_LOC_STRINGS = YES;
				SWIFT_VERSION = 5.0;
				TARGETED_DEVICE_FAMILY = 1;
			};
			name = Debug;
		};
		16725C8829A3DD1000FD1286 /* Release */ = {
			isa = XCBuildConfiguration;
			buildSettings = {
				ASSETCATALOG_COMPILER_APPICON_NAME = AppIcon;
				ASSETCATALOG_COMPILER_GLOBAL_ACCENT_COLOR_NAME = AccentColor;
				CODE_SIGN_STYLE = Automatic;
				CURRENT_PROJECT_VERSION = 1;
				DEVELOPMENT_ASSET_PATHS = "\"Legacy Compendium/Preview Content\"";
				DEVELOPMENT_TEAM = 6Z8MU97UL5;
				ENABLE_PREVIEWS = YES;
				GENERATE_INFOPLIST_FILE = YES;
				INFOPLIST_FILE = "Legacy-Compendium-Info.plist";
				INFOPLIST_KEY_CFBundleDisplayName = "Legacy Compendium";
				INFOPLIST_KEY_LSApplicationCategoryType = "public.app-category.entertainment";
				INFOPLIST_KEY_UIApplicationSceneManifest_Generation = YES;
				INFOPLIST_KEY_UIApplicationSupportsIndirectInputEvents = YES;
				INFOPLIST_KEY_UILaunchScreen_Generation = YES;
				INFOPLIST_KEY_UIStatusBarStyle = UIStatusBarStyleDarkContent;
				INFOPLIST_KEY_UISupportedInterfaceOrientations = UIInterfaceOrientationPortrait;
				INFOPLIST_KEY_UISupportedInterfaceOrientations_iPad = "UIInterfaceOrientationLandscapeLeft UIInterfaceOrientationLandscapeRight";
				IPHONEOS_DEPLOYMENT_TARGET = 16.0;
				LD_RUNPATH_SEARCH_PATHS = (
					"$(inherited)",
					"@executable_path/Frameworks",
				);
				MARKETING_VERSION = 1.0;
				PRODUCT_BUNDLE_IDENTIFIER = "com.aguilarjacob.Legacy-Compendium";
				PRODUCT_NAME = "$(TARGET_NAME)";
				SUPPORTED_PLATFORMS = "iphoneos iphonesimulator";
				SUPPORTS_MACCATALYST = NO;
				SUPPORTS_MAC_DESIGNED_FOR_IPHONE_IPAD = NO;
				SWIFT_EMIT_LOC_STRINGS = YES;
				SWIFT_VERSION = 5.0;
				TARGETED_DEVICE_FAMILY = 1;
			};
			name = Release;
		};
/* End XCBuildConfiguration section */

/* Begin XCConfigurationList section */
		16725C7329A3DD0F00FD1286 /* Build configuration list for PBXProject "Legacy Compendium" */ = {
			isa = XCConfigurationList;
			buildConfigurations = (
				16725C8429A3DD1000FD1286 /* Debug */,
				16725C8529A3DD1000FD1286 /* Release */,
			);
			defaultConfigurationIsVisible = 0;
			defaultConfigurationName = Release;
		};
		16725C8629A3DD1000FD1286 /* Build configuration list for PBXNativeTarget "Legacy Compendium" */ = {
			isa = XCConfigurationList;
			buildConfigurations = (
				16725C8729A3DD1000FD1286 /* Debug */,
				16725C8829A3DD1000FD1286 /* Release */,
			);
			defaultConfigurationIsVisible = 0;
			defaultConfigurationName = Release;
		};
/* End XCConfigurationList section */

/* Begin XCRemoteSwiftPackageReference section */
		16CA829D29AD55B000D10C2A /* XCRemoteSwiftPackageReference "Kingfisher" */ = {
			isa = XCRemoteSwiftPackageReference;
			repositoryURL = "https://github.com/onevcat/Kingfisher";
			requirement = {
				kind = upToNextMajorVersion;
				minimumVersion = 7.0.0;
			};
		};
/* End XCRemoteSwiftPackageReference section */

/* Begin XCSwiftPackageProductDependency section */
		16CA829E29AD55B000D10C2A /* Kingfisher */ = {
			isa = XCSwiftPackageProductDependency;
			package = 16CA829D29AD55B000D10C2A /* XCRemoteSwiftPackageReference "Kingfisher" */;
			productName = Kingfisher;
		};
/* End XCSwiftPackageProductDependency section */
	};
	rootObject = 16725C7029A3DD0F00FD1286 /* Project object */;
}
